// !$*UTF8*$!
{
	archiveVersion = 1;
	classes = {
	};
	objectVersion = 50;
	objects = {

/* Begin PBXBuildFile section */
		EDED09D0267FC67F00673F81 /* lamepokemonApp.swift in Sources */ = {isa = PBXBuildFile; fileRef = EDED09BD267FC67800673F81 /* lamepokemonApp.swift */; };
		EDED09D1267FC67F00673F81 /* lamepokemonApp.swift in Sources */ = {isa = PBXBuildFile; fileRef = EDED09BD267FC67800673F81 /* lamepokemonApp.swift */; };
		EDED09D2267FC67F00673F81 /* ContentView.swift in Sources */ = {isa = PBXBuildFile; fileRef = EDED09BE267FC67800673F81 /* ContentView.swift */; };
		EDED09D3267FC67F00673F81 /* ContentView.swift in Sources */ = {isa = PBXBuildFile; fileRef = EDED09BE267FC67800673F81 /* ContentView.swift */; };
		EDED09D4267FC67F00673F81 /* Assets.xcassets in Resources */ = {isa = PBXBuildFile; fileRef = EDED09BF267FC67F00673F81 /* Assets.xcassets */; };
		EDED09D5267FC67F00673F81 /* Assets.xcassets in Resources */ = {isa = PBXBuildFile; fileRef = EDED09BF267FC67F00673F81 /* Assets.xcassets */; };
/* End PBXBuildFile section */

/* Begin PBXFileReference section */
		EDED09BD267FC67800673F81 /* lamepokemonApp.swift */ = {isa = PBXFileReference; lastKnownFileType = sourcecode.swift; path = lamepokemonApp.swift; sourceTree = "<group>"; };
		EDED09BE267FC67800673F81 /* ContentView.swift */ = {isa = PBXFileReference; lastKnownFileType = sourcecode.swift; path = ContentView.swift; sourceTree = "<group>"; };
		EDED09BF267FC67F00673F81 /* Assets.xcassets */ = {isa = PBXFileReference; lastKnownFileType = folder.assetcatalog; path = Assets.xcassets; sourceTree = "<group>"; };
		EDED09C4267FC67F00673F81 /* lamepokemon.app */ = {isa = PBXFileReference; explicitFileType = wrapper.application; includeInIndex = 0; path = lamepokemon.app; sourceTree = BUILT_PRODUCTS_DIR; };
		EDED09C7267FC67F00673F81 /* Info.plist */ = {isa = PBXFileReference; lastKnownFileType = text.plist.xml; path = Info.plist; sourceTree = "<group>"; };
		EDED09CC267FC67F00673F81 /* lamepokemon.app */ = {isa = PBXFileReference; explicitFileType = wrapper.application; includeInIndex = 0; path = lamepokemon.app; sourceTree = BUILT_PRODUCTS_DIR; };
		EDED09CE267FC67F00673F81 /* Info.plist */ = {isa = PBXFileReference; lastKnownFileType = text.plist.xml; path = Info.plist; sourceTree = "<group>"; };
		EDED09CF267FC67F00673F81 /* macOS.entitlements */ = {isa = PBXFileReference; lastKnownFileType = text.plist.entitlements; path = macOS.entitlements; sourceTree = "<group>"; };
/* End PBXFileReference section */

/* Begin PBXFrameworksBuildPhase section */
		EDED09C1267FC67F00673F81 /* Frameworks */ = {
			isa = PBXFrameworksBuildPhase;
			buildActionMask = 2147483647;
			files = (
			);
			runOnlyForDeploymentPostprocessing = 0;
		};
		EDED09C9267FC67F00673F81 /* Frameworks */ = {
			isa = PBXFrameworksBuildPhase;
			buildActionMask = 2147483647;
			files = (
			);
			runOnlyForDeploymentPostprocessing = 0;
		};
/* End PBXFrameworksBuildPhase section */

/* Begin PBXGroup section */
		EDED09B7267FC67700673F81 = {
			isa = PBXGroup;
			children = (
				EDED09BC267FC67700673F81 /* Shared */,
				EDED09C6267FC67F00673F81 /* iOS */,
				EDED09CD267FC67F00673F81 /* macOS */,
				EDED09C5267FC67F00673F81 /* Products */,
			);
			sourceTree = "<group>";
		};
		EDED09BC267FC67700673F81 /* Shared */ = {
			isa = PBXGroup;
			children = (
				EDED09BD267FC67800673F81 /* lamepokemonApp.swift */,
				EDED09BE267FC67800673F81 /* ContentView.swift */,
				EDED09BF267FC67F00673F81 /* Assets.xcassets */,
			);
			path = Shared;
			sourceTree = "<group>";
		};
		EDED09C5267FC67F00673F81 /* Products */ = {
			isa = PBXGroup;
			children = (
				EDED09C4267FC67F00673F81 /* lamepokemon.app */,
				EDED09CC267FC67F00673F81 /* lamepokemon.app */,
			);
			name = Products;
			sourceTree = "<group>";
		};
		EDED09C6267FC67F00673F81 /* iOS */ = {
			isa = PBXGroup;
			children = (
				EDED09C7267FC67F00673F81 /* Info.plist */,
			);
			path = iOS;
			sourceTree = "<group>";
		};
		EDED09CD267FC67F00673F81 /* macOS */ = {
			isa = PBXGroup;
			children = (
				EDED09CE267FC67F00673F81 /* Info.plist */,
				EDED09CF267FC67F00673F81 /* macOS.entitlements */,
			);
			path = macOS;
			sourceTree = "<group>";
		};
/* End PBXGroup section */

/* Begin PBXNativeTarget section */
		EDED09C3267FC67F00673F81 /* lamepokemon (iOS) */ = {
			isa = PBXNativeTarget;
			buildConfigurationList = EDED09D8267FC67F00673F81 /* Build configuration list for PBXNativeTarget "lamepokemon (iOS)" */;
			buildPhases = (
				EDED09C0267FC67F00673F81 /* Sources */,
				EDED09C1267FC67F00673F81 /* Frameworks */,
				EDED09C2267FC67F00673F81 /* Resources */,
			);
			buildRules = (
			);
			dependencies = (
			);
			name = "lamepokemon (iOS)";
			productName = "lamepokemon (iOS)";
			productReference = EDED09C4267FC67F00673F81 /* lamepokemon.app */;
			productType = "com.apple.product-type.application";
		};
		EDED09CB267FC67F00673F81 /* lamepokemon (macOS) */ = {
			isa = PBXNativeTarget;
			buildConfigurationList = EDED09DB267FC67F00673F81 /* Build configuration list for PBXNativeTarget "lamepokemon (macOS)" */;
			buildPhases = (
				EDED09C8267FC67F00673F81 /* Sources */,
				EDED09C9267FC67F00673F81 /* Frameworks */,
				EDED09CA267FC67F00673F81 /* Resources */,
			);
			buildRules = (
			);
			dependencies = (
			);
			name = "lamepokemon (macOS)";
			productName = "lamepokemon (macOS)";
			productReference = EDED09CC267FC67F00673F81 /* lamepokemon.app */;
			productType = "com.apple.product-type.application";
		};
/* End PBXNativeTarget section */

/* Begin PBXProject section */
		EDED09B8267FC67700673F81 /* Project object */ = {
			isa = PBXProject;
			attributes = {
				LastSwiftUpdateCheck = 1250;
				LastUpgradeCheck = 1250;
				TargetAttributes = {
					EDED09C3267FC67F00673F81 = {
						CreatedOnToolsVersion = 12.5;
					};
					EDED09CB267FC67F00673F81 = {
						CreatedOnToolsVersion = 12.5;
					};
				};
			};
			buildConfigurationList = EDED09BB267FC67700673F81 /* Build configuration list for PBXProject "lamepokemon" */;
			compatibilityVersion = "Xcode 9.3";
			developmentRegion = en;
			hasScannedForEncodings = 0;
			knownRegions = (
				en,
				Base,
			);
			mainGroup = EDED09B7267FC67700673F81;
			productRefGroup = EDED09C5267FC67F00673F81 /* Products */;
			projectDirPath = "";
			projectRoot = "";
			targets = (
				EDED09C3267FC67F00673F81 /* lamepokemon (iOS) */,
				EDED09CB267FC67F00673F81 /* lamepokemon (macOS) */,
			);
		};
/* End PBXProject section */

/* Begin PBXResourcesBuildPhase section */
		EDED09C2267FC67F00673F81 /* Resources */ = {
			isa = PBXResourcesBuildPhase;
			buildActionMask = 2147483647;
			files = (
				EDED09D4267FC67F00673F81 /* Assets.xcassets in Resources */,
			);
			runOnlyForDeploymentPostprocessing = 0;
		};
		EDED09CA267FC67F00673F81 /* Resources */ = {
			isa = PBXResourcesBuildPhase;
			buildActionMask = 2147483647;
			files = (
				EDED09D5267FC67F00673F81 /* Assets.xcassets in Resources */,
			);
			runOnlyForDeploymentPostprocessing = 0;
		};
/* End PBXResourcesBuildPhase section */

/* Begin PBXSourcesBuildPhase section */
		EDED09C0267FC67F00673F81 /* Sources */ = {
			isa = PBXSourcesBuildPhase;
			buildActionMask = 2147483647;
			files = (
				EDED09D2267FC67F00673F81 /* ContentView.swift in Sources */,
				EDED09D0267FC67F00673F81 /* lamepokemonApp.swift in Sources */,
			);
			runOnlyForDeploymentPostprocessing = 0;
		};
		EDED09C8267FC67F00673F81 /* Sources */ = {
			isa = PBXSourcesBuildPhase;
			buildActionMask = 2147483647;
			files = (
				EDED09D3267FC67F00673F81 /* ContentView.swift in Sources */,
				EDED09D1267FC67F00673F81 /* lamepokemonApp.swift in Sources */,
			);
			runOnlyForDeploymentPostprocessing = 0;
		};
/* End PBXSourcesBuildPhase section */

/* Begin XCBuildConfiguration section */
		EDED09D6267FC67F00673F81 /* Debug */ = {
			isa = XCBuildConfiguration;
			buildSettings = {
				ALWAYS_SEARCH_USER_PATHS = NO;
				CLANG_ANALYZER_NONNULL = YES;
				CLANG_ANALYZER_NUMBER_OBJECT_CONVERSION = YES_AGGRESSIVE;
				CLANG_CXX_LANGUAGE_STANDARD = "gnu++14";
				CLANG_CXX_LIBRARY = "libc++";
				CLANG_ENABLE_MODULES = YES;
				CLANG_ENABLE_OBJC_ARC = YES;
				CLANG_ENABLE_OBJC_WEAK = YES;
				CLANG_WARN_BLOCK_CAPTURE_AUTORELEASING = YES;
				CLANG_WARN_BOOL_CONVERSION = YES;
				CLANG_WARN_COMMA = YES;
				CLANG_WARN_CONSTANT_CONVERSION = YES;
				CLANG_WARN_DEPRECATED_OBJC_IMPLEMENTATIONS = YES;
				CLANG_WARN_DIRECT_OBJC_ISA_USAGE = YES_ERROR;
				CLANG_WARN_DOCUMENTATION_COMMENTS = YES;
				CLANG_WARN_EMPTY_BODY = YES;
				CLANG_WARN_ENUM_CONVERSION = YES;
				CLANG_WARN_INFINITE_RECURSION = YES;
				CLANG_WARN_INT_CONVERSION = YES;
				CLANG_WARN_NON_LITERAL_NULL_CONVERSION = YES;
				CLANG_WARN_OBJC_IMPLICIT_RETAIN_SELF = YES;
				CLANG_WARN_OBJC_LITERAL_CONVERSION = YES;
				CLANG_WARN_OBJC_ROOT_CLASS = YES_ERROR;
				CLANG_WARN_QUOTED_INCLUDE_IN_FRAMEWORK_HEADER = YES;
				CLANG_WARN_RANGE_LOOP_ANALYSIS = YES;
				CLANG_WARN_STRICT_PROTOTYPES = YES;
				CLANG_WARN_SUSPICIOUS_MOVE = YES;
				CLANG_WARN_UNGUARDED_AVAILABILITY = YES_AGGRESSIVE;
				CLANG_WARN_UNREACHABLE_CODE = YES;
				CLANG_WARN__DUPLICATE_METHOD_MATCH = YES;
				COPY_PHASE_STRIP = NO;
				DEBUG_INFORMATION_FORMAT = dwarf;
				ENABLE_STRICT_OBJC_MSGSEND = YES;
				ENABLE_TESTABILITY = YES;
				GCC_C_LANGUAGE_STANDARD = gnu11;
				GCC_DYNAMIC_NO_PIC = NO;
				GCC_NO_COMMON_BLOCKS = YES;
				GCC_OPTIMIZATION_LEVEL = 0;
				GCC_PREPROCESSOR_DEFINITIONS = (
					"DEBUG=1",
					"$(inherited)",
				);
				GCC_WARN_64_TO_32_BIT_CONVERSION = YES;
				GCC_WARN_ABOUT_RETURN_TYPE = YES_ERROR;
				GCC_WARN_UNDECLARED_SELECTOR = YES;
				GCC_WARN_UNINITIALIZED_AUTOS = YES_AGGRESSIVE;
				GCC_WARN_UNUSED_FUNCTION = YES;
				GCC_WARN_UNUSED_VARIABLE = YES;
				MTL_ENABLE_DEBUG_INFO = INCLUDE_SOURCE;
				MTL_FAST_MATH = YES;
				ONLY_ACTIVE_ARCH = YES;
				SWIFT_ACTIVE_COMPILATION_CONDITIONS = DEBUG;
				SWIFT_OPTIMIZATION_LEVEL = "-Onone";
			};
			name = Debug;
		};
		EDED09D7267FC67F00673F81 /* Release */ = {
			isa = XCBuildConfiguration;
			buildSettings = {
				ALWAYS_SEARCH_USER_PATHS = NO;
				CLANG_ANALYZER_NONNULL = YES;
				CLANG_ANALYZER_NUMBER_OBJECT_CONVERSION = YES_AGGRESSIVE;
				CLANG_CXX_LANGUAGE_STANDARD = "gnu++14";
				CLANG_CXX_LIBRARY = "libc++";
				CLANG_ENABLE_MODULES = YES;
				CLANG_ENABLE_OBJC_ARC = YES;
				CLANG_ENABLE_OBJC_WEAK = YES;
				CLANG_WARN_BLOCK_CAPTURE_AUTORELEASING = YES;
				CLANG_WARN_BOOL_CONVERSION = YES;
				CLANG_WARN_COMMA = YES;
				CLANG_WARN_CONSTANT_CONVERSION = YES;
				CLANG_WARN_DEPRECATED_OBJC_IMPLEMENTATIONS = YES;
				CLANG_WARN_DIRECT_OBJC_ISA_USAGE = YES_ERROR;
				CLANG_WARN_DOCUMENTATION_COMMENTS = YES;
				CLANG_WARN_EMPTY_BODY = YES;
				CLANG_WARN_ENUM_CONVERSION = YES;
				CLANG_WARN_INFINITE_RECURSION = YES;
				CLANG_WARN_INT_CONVERSION = YES;
				CLANG_WARN_NON_LITERAL_NULL_CONVERSION = YES;
				CLANG_WARN_OBJC_IMPLICIT_RETAIN_SELF = YES;
				CLANG_WARN_OBJC_LITERAL_CONVERSION = YES;
				CLANG_WARN_OBJC_ROOT_CLASS = YES_ERROR;
				CLANG_WARN_QUOTED_INCLUDE_IN_FRAMEWORK_HEADER = YES;
				CLANG_WARN_RANGE_LOOP_ANALYSIS = YES;
				CLANG_WARN_STRICT_PROTOTYPES = YES;
				CLANG_WARN_SUSPICIOUS_MOVE = YES;
				CLANG_WARN_UNGUARDED_AVAILABILITY = YES_AGGRESSIVE;
				CLANG_WARN_UNREACHABLE_CODE = YES;
				CLANG_WARN__DUPLICATE_METHOD_MATCH = YES;
				COPY_PHASE_STRIP = NO;
				DEBUG_INFORMATION_FORMAT = "dwarf-with-dsym";
				ENABLE_NS_ASSERTIONS = NO;
				ENABLE_STRICT_OBJC_MSGSEND = YES;
				GCC_C_LANGUAGE_STANDARD = gnu11;
				GCC_NO_COMMON_BLOCKS = YES;
				GCC_WARN_64_TO_32_BIT_CONVERSION = YES;
				GCC_WARN_ABOUT_RETURN_TYPE = YES_ERROR;
				GCC_WARN_UNDECLARED_SELECTOR = YES;
				GCC_WARN_UNINITIALIZED_AUTOS = YES_AGGRESSIVE;
				GCC_WARN_UNUSED_FUNCTION = YES;
				GCC_WARN_UNUSED_VARIABLE = YES;
				MTL_ENABLE_DEBUG_INFO = NO;
				MTL_FAST_MATH = YES;
				SWIFT_COMPILATION_MODE = wholemodule;
				SWIFT_OPTIMIZATION_LEVEL = "-O";
			};
			name = Release;
		};
		EDED09D9267FC67F00673F81 /* Debug */ = {
			isa = XCBuildConfiguration;
			buildSettings = {
				ASSETCATALOG_COMPILER_APPICON_NAME = AppIcon;
				ASSETCATALOG_COMPILER_GLOBAL_ACCENT_COLOR_NAME = AccentColor;
				CODE_SIGN_STYLE = Automatic;
				DEVELOPMENT_TEAM = S92J4H63M5;
				ENABLE_PREVIEWS = YES;
				INFOPLIST_FILE = iOS/Info.plist;
				IPHONEOS_DEPLOYMENT_TARGET = 14.0;
				LD_RUNPATH_SEARCH_PATHS = (
					"$(inherited)",
					"@executable_path/Frameworks",
				);
				PRODUCT_BUNDLE_IDENTIFIER = com.jacksebastian.lamepokemon;
				PRODUCT_NAME = lamepokemon;
				SDKROOT = iphoneos;
				SWIFT_VERSION = 5.0;
				TARGETED_DEVICE_FAMILY = "1,2";
			};
			name = Debug;
		};
		EDED09DA267FC67F00673F81 /* Release */ = {
			isa = XCBuildConfiguration;
			buildSettings = {
				ASSETCATALOG_COMPILER_APPICON_NAME = AppIcon;
				ASSETCATALOG_COMPILER_GLOBAL_ACCENT_COLOR_NAME = AccentColor;
				CODE_SIGN_STYLE = Automatic;
				DEVELOPMENT_TEAM = S92J4H63M5;
				ENABLE_PREVIEWS = YES;
				INFOPLIST_FILE = iOS/Info.plist;
				IPHONEOS_DEPLOYMENT_TARGET = 14.0;
				LD_RUNPATH_SEARCH_PATHS = (
					"$(inherited)",
					"@executable_path/Frameworks",
				);
				PRODUCT_BUNDLE_IDENTIFIER = com.jacksebastian.lamepokemon;
				PRODUCT_NAME = lamepokemon;
				SDKROOT = iphoneos;
				SWIFT_VERSION = 5.0;
				TARGETED_DEVICE_FAMILY = "1,2";
				VALIDATE_PRODUCT = YES;
			};
			name = Release;
		};
		EDED09DC267FC67F00673F81 /* Debug */ = {
			isa = XCBuildConfiguration;
			buildSettings = {
				ASSETCATALOG_COMPILER_APPICON_NAME = AppIcon;
				ASSETCATALOG_COMPILER_GLOBAL_ACCENT_COLOR_NAME = AccentColor;
				CODE_SIGN_ENTITLEMENTS = macOS/macOS.entitlements;
				CODE_SIGN_STYLE = Automatic;
				COMBINE_HIDPI_IMAGES = YES;
				DEVELOPMENT_TEAM = S92J4H63M5;
				ENABLE_HARDENED_RUNTIME = YES;
				ENABLE_PREVIEWS = YES;
				INFOPLIST_FILE = macOS/Info.plist;
				LD_RUNPATH_SEARCH_PATHS = (
					"$(inherited)",
					"@executable_path/../Frameworks",
				);
				MACOSX_DEPLOYMENT_TARGET = 11.0;
				PRODUCT_BUNDLE_IDENTIFIER = com.jacksebastian.lamepokemon;
				PRODUCT_NAME = lamepokemon;
				SDKROOT = macosx;
				SWIFT_VERSION = 5.0;
			};
			name = Debug;
		};
		EDED09DD267FC67F00673F81 /* Release */ = {
			isa = XCBuildConfiguration;
			buildSettings = {
				ASSETCATALOG_COMPILER_APPICON_NAME = AppIcon;
				ASSETCATALOG_COMPILER_GLOBAL_ACCENT_COLOR_NAME = AccentColor;
				CODE_SIGN_ENTITLEMENTS = macOS/macOS.entitlements;
				CODE_SIGN_STYLE = Automatic;
				COMBINE_HIDPI_IMAGES = YES;
				DEVELOPMENT_TEAM = S92J4H63M5;
				ENABLE_HARDENED_RUNTIME = YES;
				ENABLE_PREVIEWS = YES;
				INFOPLIST_FILE = macOS/Info.plist;
				LD_RUNPATH_SEARCH_PATHS = (
					"$(inherited)",
					"@executable_path/../Frameworks",
				);
				MACOSX_DEPLOYMENT_TARGET = 11.0;
				PRODUCT_BUNDLE_IDENTIFIER = com.jacksebastian.lamepokemon;
				PRODUCT_NAME = lamepokemon;
				SDKROOT = macosx;
				SWIFT_VERSION = 5.0;
			};
			name = Release;
		};
/* End XCBuildConfiguration section */

/* Begin XCConfigurationList section */
		EDED09BB267FC67700673F81 /* Build configuration list for PBXProject "lamepokemon" */ = {
			isa = XCConfigurationList;
			buildConfigurations = (
				EDED09D6267FC67F00673F81 /* Debug */,
				EDED09D7267FC67F00673F81 /* Release */,
			);
			defaultConfigurationIsVisible = 0;
			defaultConfigurationName = Release;
		};
		EDED09D8267FC67F00673F81 /* Build configuration list for PBXNativeTarget "lamepokemon (iOS)" */ = {
			isa = XCConfigurationList;
			buildConfigurations = (
				EDED09D9267FC67F00673F81 /* Debug */,
				EDED09DA267FC67F00673F81 /* Release */,
			);
			defaultConfigurationIsVisible = 0;
			defaultConfigurationName = Release;
		};
		EDED09DB267FC67F00673F81 /* Build configuration list for PBXNativeTarget "lamepokemon (macOS)" */ = {
			isa = XCConfigurationList;
			buildConfigurations = (
				EDED09DC267FC67F00673F81 /* Debug */,
				EDED09DD267FC67F00673F81 /* Release */,
			);
			defaultConfigurationIsVisible = 0;
			defaultConfigurationName = Release;
		};
/* End XCConfigurationList section */
	};
	rootObject = EDED09B8267FC67700673F81 /* Project object */;
}
